github.com/davecgh/go-spew v1.1.0/go.mod h1:J7Y8YcW2NihsgmVo/mv3lAwl/skON4iLHjSsI+c5H38=
github.com/kataras/jwt v0.1.8 h1:u71baOsYD22HWeSOg32tCHbczPjdCk7V4MMeJqTtmGk=
github.com/kataras/jwt v0.1.8/go.mod h1:Q5j2IkcIHnfwy+oNY3TVWuEBJNw0ADgCcXK9CaZwV4o=
github.com/matoous/go-nanoid v1.5.0 h1:VRorl6uCngneC4oUQqOYtO3S0H5QKFtKuKycFG3euek=
github.com/matoous/go-nanoid v1.5.0/go.mod h1:zyD2a71IubI24efhpvkJz+ZwfwagzgSO6UNiFsZKN7U=
github.com/matoous/go-nanoid/v2 v2.0.0 h1:d19kur2QuLeHmJBkvYkFdhFBzLoo1XVm2GgTpL+9Tj0=
github.com/matoous/go-nanoid/v2 v2.0.0/go.mod h1:FtS4aGPVfEkxKxhdWPAspZpZSh1cOjtM7Ej/So3hR0g=
github.com/pmezard/go-difflib v1.0.0/go.mod h1:iKH77koFhYxTK1pcRnkKkqfTogsbg7gZNVY4sRDYZ/4=
github.com/stretchr/objx v0.1.0/go.mod h1:HFkY916IF+rwdDfMAkV7OtwuqBVzrE8GR6GFx+wExME=
github.com/stretchr/testify v1.6.1/go.mod h1:6Fq8oRcR53rry900zMqJjRRixrwX3KX962/h/Wwjteg=
golang.org/x/crypto v0.4.0 h1:UVQgzMY87xqpKNgb+kDsll2Igd33HszWHFLmpaRMq/8=
golang.org/x/crypto v0.4.0/go.mod h1:3quD/ATkf6oY+rnes5c3ExXTbLc8mueNue5/DoinL80=
golang.org/x/net v0.4.0 h1:Q5QPcMlvfxFTAPV0+07Xz/MpK9NTXu2VDUuy0FeMfaU=
golang.org/x/net v0.4.0/go.mod h1:MBQ8lrhLObU/6UmLb4fmbmk5OcyYmqtbGd/9yIeKjEE=
golang.org/x/text v0.5.0 h1:OLmvp0KP+FVG99Ct/qFiL/Fhk4zp4QQnZ7b2U+5piUM=
golang.org/x/text v0.5.0/go.mod h1:mrYo+phRRbMaCq/xk9113O4dZlRixOauAjOtrjsXDZ8=
gopkg.in/check.v1 v0.0.0-20161208181325-20d25e280405/go.mod h1:Co6ibVJAznAaIkqp8huTwlJQCZ016jof/cbN4VW5Yz0=
gopkg.in/yaml.v3 v3.0.0-20200313102051-9f266ea9e77c/go.mod h1:K4uyk7z7BCEPqu6E+C64Yfv1cQ7kz7rIZviUmN+EgEM=
